
Microsoft Visual Studio Solution File, Format Version 12.00
# Visual Studio 2012
Project("{FAE04EC0-301F-11D3-BF4B-00C04F79EFBC}") = "Web", "Web\Web.csproj", "{60A94D3C-78D5-4A48-927C-1220CC8EFE3C}"
EndProject
Project("{FAE04EC0-301F-11D3-BF4B-00C04F79EFBC}") = "Model", "Model\Model.csproj", "{4D905CAA-D079-42B3-9EB9-4ADB34EDE570}"
EndProject
Project("{FAE04EC0-301F-11D3-BF4B-00C04F79EFBC}") = "DAL", "DAL\DAL.csproj", "{16ACE527-C7CC-441D-872A-A08512B88816}"
EndProject
Project("{FAE04EC0-301F-11D3-BF4B-00C04F79EFBC}") = "BLL", "BLL\BLL.csproj", "{9487C0A6-A768-4D7F-B4E5-30CFCFE47751}"
EndProject
Global
	GlobalSection(SolutionConfigurationPlatforms) = preSolution
		Debug|Any CPU = Debug|Any CPU
		Release|Any CPU = Release|Any CPU
	EndGlobalSection
	GlobalSection(ProjectConfigurationPlatforms) = postSolution
		{60A94D3C-78D5-4A48-927C-1220CC8EFE3C}.Debug|Any CPU.ActiveCfg = Debug|Any CPU
		{60A94D3C-78D5-4A48-927C-1220CC8EFE3C}.Debug|Any CPU.Build.0 = Debug|Any CPU
		{60A94D3C-78D5-4A48-927C-1220CC8EFE3C}.Release|Any CPU.ActiveCfg = Release|Any CPU
		{60A94D3C-78D5-4A48-927C-1220CC8EFE3C}.Release|Any CPU.Build.0 = Release|Any CPU
		{4D905CAA-D079-42B3-9EB9-4ADB34EDE570}.Debug|Any CPU.ActiveCfg = Debug|Any CPU
		{4D905CAA-D079-42B3-9EB9-4ADB34EDE570}.Debug|Any CPU.Build.0 = Debug|Any CPU
		{4D905CAA-D079-42B3-9EB9-4ADB34EDE570}.Release|Any CPU.ActiveCfg = Release|Any CPU
		{4D905CAA-D079-42B3-9EB9-4ADB34EDE570}.Release|Any CPU.Build.0 = Release|Any CPU
		{16ACE527-C7CC-441D-872A-A08512B88816}.Debug|Any CPU.ActiveCfg = Debug|Any CPU
		{16ACE527-C7CC-441D-872A-A08512B88816}.Debug|Any CPU.Build.0 = Debug|Any CPU
		{16ACE527-C7CC-441D-872A-A08512B88816}.Release|Any CPU.ActiveCfg = Release|Any CPU
		{16ACE527-C7CC-441D-872A-A08512B88816}.Release|Any CPU.Build.0 = Release|Any CPU
		{9487C0A6-A768-4D7F-B4E5-30CFCFE47751}.Debug|Any CPU.ActiveCfg = Debug|Any CPU
		{9487C0A6-A768-4D7F-B4E5-30CFCFE47751}.Debug|Any CPU.Build.0 = Debug|Any CPU
		{9487C0A6-A768-4D7F-B4E5-30CFCFE47751}.Release|Any CPU.ActiveCfg = Release|Any CPU
		{9487C0A6-A768-4D7F-B4E5-30CFCFE47751}.Release|Any CPU.Build.0 = Release|Any CPU
	EndGlobalSection
	GlobalSection(SolutionProperties) = preSolution
		HideSolutionNode = FALSE
	EndGlobalSection
EndGlobal
